
Microsoft Visual Studio Solution File, Format Version 12.00
# Visual Studio 15
VisualStudioVersion = 15.0.27703.2047
MinimumVisualStudioVersion = 10.0.40219.1
Project("{9A19103F-16F7-4668-BE54-9A1E7A4F7556}") = "MATD.Lesson1", "MATD.Lesson1\MATD.Lesson1.csproj", "{1A4A7699-C27B-4DCE-817D-322BB31D180B}"
EndProject
Project("{9A19103F-16F7-4668-BE54-9A1E7A4F7556}") = "MATD.Lesson1.Test", "MATD.Lesson1.Test\MATD.Lesson1.Test.csproj", "{EBD1F461-1DDA-447D-B5F8-48D28F30C5A9}"
EndProject
Project("{9A19103F-16F7-4668-BE54-9A1E7A4F7556}") = "MATD.Lesson2", "MATD.Lesson2\MATD.Lesson2.csproj", "{B2D20A63-F71F-4376-A333-D6D11956A24E}"
EndProject
Project("{9A19103F-16F7-4668-BE54-9A1E7A4F7556}") = "MATD.Lesson2.Test", "MATD.Lesson2.Test\MATD.Lesson2.Test.csproj", "{77AA453C-A8B2-43DE-9E46-B95EFE937E33}"
EndProject
Project("{9A19103F-16F7-4668-BE54-9A1E7A4F7556}") = "MATD.Lesson2.Benchmark", "MATD.Lesson2.Benchmark\MATD.Lesson2.Benchmark.csproj", "{F0D386B9-4D80-4873-A03E-54BB70C64C65}"
EndProject
Project("{9A19103F-16F7-4668-BE54-9A1E7A4F7556}") = "MATD.Lesson3", "MATD.Lesson3\MATD.Lesson3.csproj", "{91D20768-694D-40B7-9749-7B240088ADEE}"
EndProject
Project("{9A19103F-16F7-4668-BE54-9A1E7A4F7556}") = "MATD.Lesson3.Test", "MATD.Lesson3.Test\MATD.Lesson3.Test.csproj", "{58D1F5B7-DBE1-40E5-AA11-85361A8D69B9}"
EndProject
Project("{9A19103F-16F7-4668-BE54-9A1E7A4F7556}") = "MATD.Lesson4", "MATD.Lesson4\MATD.Lesson4.csproj", "{53B17344-DAAB-4DAB-9008-9C192F5B313E}"
EndProject
Project("{9A19103F-16F7-4668-BE54-9A1E7A4F7556}") = "MATD.Lesson4.Test", "MATD.Lesson4.Test\MATD.Lesson4.Test.csproj", "{C1717FD3-B4DB-42D9-9817-D718845E186A}"
EndProject
Project("{9A19103F-16F7-4668-BE54-9A1E7A4F7556}") = "MATD.Lesson5", "MATD.Lesson5\MATD.Lesson5.csproj", "{E473FAC0-906C-4DC8-A8F1-62E080B3CB8D}"
EndProject
Project("{9A19103F-16F7-4668-BE54-9A1E7A4F7556}") = "MATD.Lesson8", "MATD.Lesson8\MATD.Lesson8.csproj", "{EB876A7B-14F3-484C-A383-1AD696DFA9EC}"
EndProject
Project("{FAE04EC0-301F-11D3-BF4B-00C04F79EFBC}") = "MATD.Project", "MATD.Project\MATD.Project.csproj", "{9BA98CCA-879F-4880-A9D9-F1BE8DFB5791}"
EndProject
Global
	GlobalSection(SolutionConfigurationPlatforms) = preSolution
		Debug|Any CPU = Debug|Any CPU
		Release|Any CPU = Release|Any CPU
	EndGlobalSection
	GlobalSection(ProjectConfigurationPlatforms) = postSolution
		{1A4A7699-C27B-4DCE-817D-322BB31D180B}.Debug|Any CPU.ActiveCfg = Debug|Any CPU
		{1A4A7699-C27B-4DCE-817D-322BB31D180B}.Debug|Any CPU.Build.0 = Debug|Any CPU
		{1A4A7699-C27B-4DCE-817D-322BB31D180B}.Release|Any CPU.ActiveCfg = Release|Any CPU
		{1A4A7699-C27B-4DCE-817D-322BB31D180B}.Release|Any CPU.Build.0 = Release|Any CPU
		{EBD1F461-1DDA-447D-B5F8-48D28F30C5A9}.Debug|Any CPU.ActiveCfg = Debug|Any CPU
		{EBD1F461-1DDA-447D-B5F8-48D28F30C5A9}.Debug|Any CPU.Build.0 = Debug|Any CPU
		{EBD1F461-1DDA-447D-B5F8-48D28F30C5A9}.Release|Any CPU.ActiveCfg = Release|Any CPU
		{EBD1F461-1DDA-447D-B5F8-48D28F30C5A9}.Release|Any CPU.Build.0 = Release|Any CPU
		{B2D20A63-F71F-4376-A333-D6D11956A24E}.Debug|Any CPU.ActiveCfg = Debug|Any CPU
		{B2D20A63-F71F-4376-A333-D6D11956A24E}.Debug|Any CPU.Build.0 = Debug|Any CPU
		{B2D20A63-F71F-4376-A333-D6D11956A24E}.Release|Any CPU.ActiveCfg = Release|Any CPU
		{B2D20A63-F71F-4376-A333-D6D11956A24E}.Release|Any CPU.Build.0 = Release|Any CPU
		{77AA453C-A8B2-43DE-9E46-B95EFE937E33}.Debug|Any CPU.ActiveCfg = Debug|Any CPU
		{77AA453C-A8B2-43DE-9E46-B95EFE937E33}.Debug|Any CPU.Build.0 = Debug|Any CPU
		{77AA453C-A8B2-43DE-9E46-B95EFE937E33}.Release|Any CPU.ActiveCfg = Release|Any CPU
		{77AA453C-A8B2-43DE-9E46-B95EFE937E33}.Release|Any CPU.Build.0 = Release|Any CPU
		{F0D386B9-4D80-4873-A03E-54BB70C64C65}.Debug|Any CPU.ActiveCfg = Debug|Any CPU
		{F0D386B9-4D80-4873-A03E-54BB70C64C65}.Debug|Any CPU.Build.0 = Debug|Any CPU
		{F0D386B9-4D80-4873-A03E-54BB70C64C65}.Release|Any CPU.ActiveCfg = Release|Any CPU
		{F0D386B9-4D80-4873-A03E-54BB70C64C65}.Release|Any CPU.Build.0 = Release|Any CPU
		{91D20768-694D-40B7-9749-7B240088ADEE}.Debug|Any CPU.ActiveCfg = Debug|Any CPU
		{91D20768-694D-40B7-9749-7B240088ADEE}.Debug|Any CPU.Build.0 = Debug|Any CPU
		{91D20768-694D-40B7-9749-7B240088ADEE}.Release|Any CPU.ActiveCfg = Release|Any CPU
		{91D20768-694D-40B7-9749-7B240088ADEE}.Release|Any CPU.Build.0 = Release|Any CPU
		{58D1F5B7-DBE1-40E5-AA11-85361A8D69B9}.Debug|Any CPU.ActiveCfg = Debug|Any CPU
		{58D1F5B7-DBE1-40E5-AA11-85361A8D69B9}.Debug|Any CPU.Build.0 = Debug|Any CPU
		{58D1F5B7-DBE1-40E5-AA11-85361A8D69B9}.Release|Any CPU.ActiveCfg = Release|Any CPU
		{58D1F5B7-DBE1-40E5-AA11-85361A8D69B9}.Release|Any CPU.Build.0 = Release|Any CPU
		{53B17344-DAAB-4DAB-9008-9C192F5B313E}.Debug|Any CPU.ActiveCfg = Debug|Any CPU
		{53B17344-DAAB-4DAB-9008-9C192F5B313E}.Debug|Any CPU.Build.0 = Debug|Any CPU
		{53B17344-DAAB-4DAB-9008-9C192F5B313E}.Release|Any CPU.ActiveCfg = Release|Any CPU
		{53B17344-DAAB-4DAB-9008-9C192F5B313E}.Release|Any CPU.Build.0 = Release|Any CPU
		{C1717FD3-B4DB-42D9-9817-D718845E186A}.Debug|Any CPU.ActiveCfg = Debug|Any CPU
		{C1717FD3-B4DB-42D9-9817-D718845E186A}.Debug|Any CPU.Build.0 = Debug|Any CPU
		{C1717FD3-B4DB-42D9-9817-D718845E186A}.Release|Any CPU.ActiveCfg = Release|Any CPU
		{C1717FD3-B4DB-42D9-9817-D718845E186A}.Release|Any CPU.Build.0 = Release|Any CPU
		{E473FAC0-906C-4DC8-A8F1-62E080B3CB8D}.Debug|Any CPU.ActiveCfg = Debug|Any CPU
		{E473FAC0-906C-4DC8-A8F1-62E080B3CB8D}.Debug|Any CPU.Build.0 = Debug|Any CPU
		{E473FAC0-906C-4DC8-A8F1-62E080B3CB8D}.Release|Any CPU.ActiveCfg = Release|Any CPU
		{E473FAC0-906C-4DC8-A8F1-62E080B3CB8D}.Release|Any CPU.Build.0 = Release|Any CPU
		{EB876A7B-14F3-484C-A383-1AD696DFA9EC}.Debug|Any CPU.ActiveCfg = Debug|Any CPU
		{EB876A7B-14F3-484C-A383-1AD696DFA9EC}.Debug|Any CPU.Build.0 = Debug|Any CPU
		{EB876A7B-14F3-484C-A383-1AD696DFA9EC}.Release|Any CPU.ActiveCfg = Release|Any CPU
		{EB876A7B-14F3-484C-A383-1AD696DFA9EC}.Release|Any CPU.Build.0 = Release|Any CPU
		{9BA98CCA-879F-4880-A9D9-F1BE8DFB5791}.Debug|Any CPU.ActiveCfg = Debug|Any CPU
		{9BA98CCA-879F-4880-A9D9-F1BE8DFB5791}.Debug|Any CPU.Build.0 = Debug|Any CPU
		{9BA98CCA-879F-4880-A9D9-F1BE8DFB5791}.Release|Any CPU.ActiveCfg = Release|Any CPU
		{9BA98CCA-879F-4880-A9D9-F1BE8DFB5791}.Release|Any CPU.Build.0 = Release|Any CPU
	EndGlobalSection
	GlobalSection(SolutionProperties) = preSolution
		HideSolutionNode = FALSE
	EndGlobalSection
	GlobalSection(ExtensibilityGlobals) = postSolution
		SolutionGuid = {534F266B-2C36-440E-82EE-E7D9BC16E9B2}
	EndGlobalSection
EndGlobal
