
Microsoft Visual Studio Solution File, Format Version 12.00
# Visual Studio 15
VisualStudioVersion = 15.0.27703.2047
MinimumVisualStudioVersion = 10.0.40219.1
Project("{9A19103F-16F7-4668-BE54-9A1E7A4F7556}") = "MATD.Lesson1", "MATD.Lesson1\MATD.Lesson1.csproj", "{1A4A7699-C27B-4DCE-817D-322BB31D180B}"
EndProject
Project("{9A19103F-16F7-4668-BE54-9A1E7A4F7556}") = "MATD.Lesson1.Test", "MATD.Lesson1.Test\MATD.Lesson1.Test.csproj", "{EBD1F461-1DDA-447D-B5F8-48D28F30C5A9}"
EndProject
Project("{9A19103F-16F7-4668-BE54-9A1E7A4F7556}") = "MATD.Lesson2", "MATD.Lesson2\MATD.Lesson2.csproj", "{B2D20A63-F71F-4376-A333-D6D11956A24E}"
EndProject
Project("{9A19103F-16F7-4668-BE54-9A1E7A4F7556}") = "MATD.Lesson2.Test", "MATD.Lesson2.Test\MATD.Lesson2.Test.csproj", "{77AA453C-A8B2-43DE-9E46-B95EFE937E33}"
EndProject
Global
	GlobalSection(SolutionConfigurationPlatforms) = preSolution
		Debug|Any CPU = Debug|Any CPU
		Release|Any CPU = Release|Any CPU
	EndGlobalSection
	GlobalSection(ProjectConfigurationPlatforms) = postSolution
		{1A4A7699-C27B-4DCE-817D-322BB31D180B}.Debug|Any CPU.ActiveCfg = Debug|Any CPU
		{1A4A7699-C27B-4DCE-817D-322BB31D180B}.Debug|Any CPU.Build.0 = Debug|Any CPU
		{1A4A7699-C27B-4DCE-817D-322BB31D180B}.Release|Any CPU.ActiveCfg = Release|Any CPU
		{1A4A7699-C27B-4DCE-817D-322BB31D180B}.Release|Any CPU.Build.0 = Release|Any CPU
		{EBD1F461-1DDA-447D-B5F8-48D28F30C5A9}.Debug|Any CPU.ActiveCfg = Debug|Any CPU
		{EBD1F461-1DDA-447D-B5F8-48D28F30C5A9}.Debug|Any CPU.Build.0 = Debug|Any CPU
		{EBD1F461-1DDA-447D-B5F8-48D28F30C5A9}.Release|Any CPU.ActiveCfg = Release|Any CPU
		{EBD1F461-1DDA-447D-B5F8-48D28F30C5A9}.Release|Any CPU.Build.0 = Release|Any CPU
		{B2D20A63-F71F-4376-A333-D6D11956A24E}.Debug|Any CPU.ActiveCfg = Debug|Any CPU
		{B2D20A63-F71F-4376-A333-D6D11956A24E}.Debug|Any CPU.Build.0 = Debug|Any CPU
		{B2D20A63-F71F-4376-A333-D6D11956A24E}.Release|Any CPU.ActiveCfg = Release|Any CPU
		{B2D20A63-F71F-4376-A333-D6D11956A24E}.Release|Any CPU.Build.0 = Release|Any CPU
		{77AA453C-A8B2-43DE-9E46-B95EFE937E33}.Debug|Any CPU.ActiveCfg = Debug|Any CPU
		{77AA453C-A8B2-43DE-9E46-B95EFE937E33}.Debug|Any CPU.Build.0 = Debug|Any CPU
		{77AA453C-A8B2-43DE-9E46-B95EFE937E33}.Release|Any CPU.ActiveCfg = Release|Any CPU
		{77AA453C-A8B2-43DE-9E46-B95EFE937E33}.Release|Any CPU.Build.0 = Release|Any CPU
	EndGlobalSection
	GlobalSection(SolutionProperties) = preSolution
		HideSolutionNode = FALSE
	EndGlobalSection
	GlobalSection(ExtensibilityGlobals) = postSolution
		SolutionGuid = {534F266B-2C36-440E-82EE-E7D9BC16E9B2}
	EndGlobalSection
EndGlobal
